<?xml version="1.0" encoding="utf-8"?>
<Project ToolsVersion="4.0" xmlns="http://schemas.microsoft.com/developer/msbuild/2003">
  <ItemGroup>
    <Filter Include="源文件">
      <UniqueIdentifier>{4FC737F1-C7A5-4376-A066-2A32D752A2FF}</UniqueIdentifier>
      <Extensions>cpp;c;cc;cxx;c++;cppm;ixx;def;odl;idl;hpj;bat;asm;asmx</Extensions>
    </Filter>
    <Filter Include="头文件">
      <UniqueIdentifier>{93995380-89BD-4b04-88EB-625FBE52EBFB}</UniqueIdentifier>
      <Extensions>h;hh;hpp;hxx;h++;hm;inl;inc;ipp;xsd</Extensions>
    </Filter>
    <Filter Include="资源文件">
      <UniqueIdentifier>{67DA6AB6-F800-4c08-8B7A-83BB121AAD01}</UniqueIdentifier>
      <Extensions>rc;ico;cur;bmp;dlg;rc2;rct;bin;rgs;gif;jpg;jpeg;jpe;resx;tiff;tif;png;wav;mfcribbon-ms</Extensions>
    </Filter>
    <Filter Include="资源文件\testInputs">
      <UniqueIdentifier>{e8ea4771-527b-451b-85b9-6ddf694110a9}</UniqueIdentifier>
    </Filter>
  </ItemGroup>
  <ItemGroup>
    <ClCompile Include="..\..\GameOfLife\steganography.c">
      <Filter>源文件</Filter>
    </ClCompile>
    <ClCompile Include="..\..\GameOfLife\imageloadertester.c">
      <Filter>源文件</Filter>
    </ClCompile>
    <ClCompile Include="..\..\GameOfLife\gameoflife.c">
      <Filter>源文件</Filter>
    </ClCompile>
    <ClCompile Include="..\..\GameOfLife\imageloader.c">
      <Filter>源文件</Filter>
    </ClCompile>
  </ItemGroup>
  <ItemGroup>
    <ClInclude Include="..\..\GameOfLife\imageloader.h">
      <Filter>头文件</Filter>
    </ClInclude>
  </ItemGroup>
  <ItemGroup>
    <None Include="..\..\GameOfLife\.gitattributes">
      <Filter>资源文件</Filter>
    </None>
    <None Include="..\..\GameOfLife\.gitignore">
      <Filter>资源文件</Filter>
    </None>
    <None Include="..\..\GameOfLife\testInputs\blinkerH.ppm">
      <Filter>资源文件\testInputs</Filter>
    </None>
    <None Include="..\..\GameOfLife\testInputs\blinkerV.ppm">
      <Filter>资源文件\testInputs</Filter>
    </None>
    <None Include="..\..\GameOfLife\testInputs\glider.ppm">
      <Filter>资源文件\testInputs</Filter>
    </None>
    <None Include="..\..\GameOfLife\testInputs\GliderGuns.ppm">
      <Filter>资源文件\testInputs</Filter>
    </None>
    <None Include="..\..\GameOfLife\testInputs\jc.ppm">
      <Filter>资源文件\testInputs</Filter>
    </None>
    <None Include="..\..\GameOfLife\testInputs\jcg.ppm">
      <Filter>资源文件\testInputs</Filter>
    </None>
    <None Include="..\..\GameOfLife\testInputs\JohnConway.ppm">
      <Filter>资源文件\testInputs</Filter>
    </None>
    <None Include="..\..\GameOfLife\testInputs\xkcd.ppm">
      <Filter>资源文件\testInputs</Filter>
    </None>
  </ItemGroup>
</Project>